
Microsoft Visual Studio Solution File, Format Version 12.00
# Visual Studio Version 17
VisualStudioVersion = 17.6.33815.320
MinimumVisualStudioVersion = 10.0.40219.1
Project("{9A19103F-16F7-4668-BE54-9A1E7A4F7556}") = "WorldlyGreetings", "WorldlyGreetings\WorldlyGreetings.csproj", "{CD46552A-9621-4C22-8406-ADA87368B0FD}"
EndProject
Project("{FAE04EC0-301F-11D3-BF4B-00C04F79EFBC}") = "SimpleWebsite", "SimpleWebsite\SimpleWebsite.csproj", "{5A6D6493-30E9-404F-BD62-6DBAAE759426}"
EndProject
Global
	GlobalSection(SolutionConfigurationPlatforms) = preSolution
		Debug|Any CPU = Debug|Any CPU
		Release|Any CPU = Release|Any CPU
	EndGlobalSection
	GlobalSection(ProjectConfigurationPlatforms) = postSolution
		{CD46552A-9621-4C22-8406-ADA87368B0FD}.Debug|Any CPU.ActiveCfg = Debug|Any CPU
		{CD46552A-9621-4C22-8406-ADA87368B0FD}.Debug|Any CPU.Build.0 = Debug|Any CPU
		{CD46552A-9621-4C22-8406-ADA87368B0FD}.Release|Any CPU.ActiveCfg = Release|Any CPU
		{CD46552A-9621-4C22-8406-ADA87368B0FD}.Release|Any CPU.Build.0 = Release|Any CPU
		{5A6D6493-30E9-404F-BD62-6DBAAE759426}.Debug|Any CPU.ActiveCfg = Debug|Any CPU
		{5A6D6493-30E9-404F-BD62-6DBAAE759426}.Debug|Any CPU.Build.0 = Debug|Any CPU
		{5A6D6493-30E9-404F-BD62-6DBAAE759426}.Release|Any CPU.ActiveCfg = Release|Any CPU
		{5A6D6493-30E9-404F-BD62-6DBAAE759426}.Release|Any CPU.Build.0 = Release|Any CPU
	EndGlobalSection
	GlobalSection(SolutionProperties) = preSolution
		HideSolutionNode = FALSE
	EndGlobalSection
	GlobalSection(ExtensibilityGlobals) = postSolution
		SolutionGuid = {18A870C4-4584-4F47-8C14-5D2E91DE4D3A}
	EndGlobalSection
EndGlobal
