
Microsoft Visual Studio Solution File, Format Version 12.00
# Visual Studio Version 17
VisualStudioVersion = 17.6.33815.320
MinimumVisualStudioVersion = 10.0.40219.1
Project("{9A19103F-16F7-4668-BE54-9A1E7A4F7556}") = "WorldlyGreetings", "WorldlyGreetings\WorldlyGreetings.csproj", "{CD46552A-9621-4C22-8406-ADA87368B0FD}"
EndProject
Project("{9A19103F-16F7-4668-BE54-9A1E7A4F7556}") = "SimpleWebsite", "SimpleWebsite\SimpleWebsite.csproj", "{5A6D6493-30E9-404F-BD62-6DBAAE759426}"
EndProject
Project("{9A19103F-16F7-4668-BE54-9A1E7A4F7556}") = "Movies", "Movies\Movies.csproj", "{A011EC4D-96A8-4195-B376-FE0C46923AED}"
EndProject
Project("{9A19103F-16F7-4668-BE54-9A1E7A4F7556}") = "MadInputs", "MadInputs\MadInputs.csproj", "{9EFCE129-04DD-4D44-9232-4D062B95A9FE}"
EndProject
Project("{9A19103F-16F7-4668-BE54-9A1E7A4F7556}") = "VideoGameLibrary", "VideoGameLibrary\VideoGameLibrary.csproj", "{B7CAACA3-5E08-40FD-BBE9-307346D13D34}"
EndProject
Project("{9A19103F-16F7-4668-BE54-9A1E7A4F7556}") = "MoviesDal", "MoviesDal\MoviesDal.csproj", "{3217CD2A-792F-4B22-B5A4-A609E4B2F780}"
EndProject
Project("{FAE04EC0-301F-11D3-BF4B-00C04F79EFBC}") = "Routing", "Routing\Routing.csproj", "{39879E11-A909-4C71-B093-9F28F22DE798}"
EndProject
Global
	GlobalSection(SolutionConfigurationPlatforms) = preSolution
		Debug|Any CPU = Debug|Any CPU
		Release|Any CPU = Release|Any CPU
	EndGlobalSection
	GlobalSection(ProjectConfigurationPlatforms) = postSolution
		{CD46552A-9621-4C22-8406-ADA87368B0FD}.Debug|Any CPU.ActiveCfg = Debug|Any CPU
		{CD46552A-9621-4C22-8406-ADA87368B0FD}.Debug|Any CPU.Build.0 = Debug|Any CPU
		{CD46552A-9621-4C22-8406-ADA87368B0FD}.Release|Any CPU.ActiveCfg = Release|Any CPU
		{CD46552A-9621-4C22-8406-ADA87368B0FD}.Release|Any CPU.Build.0 = Release|Any CPU
		{5A6D6493-30E9-404F-BD62-6DBAAE759426}.Debug|Any CPU.ActiveCfg = Debug|Any CPU
		{5A6D6493-30E9-404F-BD62-6DBAAE759426}.Debug|Any CPU.Build.0 = Debug|Any CPU
		{5A6D6493-30E9-404F-BD62-6DBAAE759426}.Release|Any CPU.ActiveCfg = Release|Any CPU
		{5A6D6493-30E9-404F-BD62-6DBAAE759426}.Release|Any CPU.Build.0 = Release|Any CPU
		{A011EC4D-96A8-4195-B376-FE0C46923AED}.Debug|Any CPU.ActiveCfg = Debug|Any CPU
		{A011EC4D-96A8-4195-B376-FE0C46923AED}.Debug|Any CPU.Build.0 = Debug|Any CPU
		{A011EC4D-96A8-4195-B376-FE0C46923AED}.Release|Any CPU.ActiveCfg = Release|Any CPU
		{A011EC4D-96A8-4195-B376-FE0C46923AED}.Release|Any CPU.Build.0 = Release|Any CPU
		{9EFCE129-04DD-4D44-9232-4D062B95A9FE}.Debug|Any CPU.ActiveCfg = Debug|Any CPU
		{9EFCE129-04DD-4D44-9232-4D062B95A9FE}.Debug|Any CPU.Build.0 = Debug|Any CPU
		{9EFCE129-04DD-4D44-9232-4D062B95A9FE}.Release|Any CPU.ActiveCfg = Release|Any CPU
		{9EFCE129-04DD-4D44-9232-4D062B95A9FE}.Release|Any CPU.Build.0 = Release|Any CPU
		{B7CAACA3-5E08-40FD-BBE9-307346D13D34}.Debug|Any CPU.ActiveCfg = Debug|Any CPU
		{B7CAACA3-5E08-40FD-BBE9-307346D13D34}.Debug|Any CPU.Build.0 = Debug|Any CPU
		{B7CAACA3-5E08-40FD-BBE9-307346D13D34}.Release|Any CPU.ActiveCfg = Release|Any CPU
		{B7CAACA3-5E08-40FD-BBE9-307346D13D34}.Release|Any CPU.Build.0 = Release|Any CPU
		{3217CD2A-792F-4B22-B5A4-A609E4B2F780}.Debug|Any CPU.ActiveCfg = Debug|Any CPU
		{3217CD2A-792F-4B22-B5A4-A609E4B2F780}.Debug|Any CPU.Build.0 = Debug|Any CPU
		{3217CD2A-792F-4B22-B5A4-A609E4B2F780}.Release|Any CPU.ActiveCfg = Release|Any CPU
		{3217CD2A-792F-4B22-B5A4-A609E4B2F780}.Release|Any CPU.Build.0 = Release|Any CPU
		{39879E11-A909-4C71-B093-9F28F22DE798}.Debug|Any CPU.ActiveCfg = Debug|Any CPU
		{39879E11-A909-4C71-B093-9F28F22DE798}.Debug|Any CPU.Build.0 = Debug|Any CPU
		{39879E11-A909-4C71-B093-9F28F22DE798}.Release|Any CPU.ActiveCfg = Release|Any CPU
		{39879E11-A909-4C71-B093-9F28F22DE798}.Release|Any CPU.Build.0 = Release|Any CPU
	EndGlobalSection
	GlobalSection(SolutionProperties) = preSolution
		HideSolutionNode = FALSE
	EndGlobalSection
	GlobalSection(ExtensibilityGlobals) = postSolution
		SolutionGuid = {18A870C4-4584-4F47-8C14-5D2E91DE4D3A}
	EndGlobalSection
EndGlobal
